
Microsoft Visual Studio Solution File, Format Version 11.00
# Visual Studio 2010
Project("{FAE04EC0-301F-11D3-BF4B-00C04F79EFBC}") = "SMSBrowser", "SMSBrowser.csproj", "{1841803D-6965-4010-A268-9B506D60648F}"
EndProject
Global
	GlobalSection(SolutionConfigurationPlatforms) = preSolution
		Debug|x64 = Debug|x64
		Debug|x86 = Debug|x86
		Release|x64 = Release|x64
		Release|x86 = Release|x86
	EndGlobalSection
	GlobalSection(ProjectConfigurationPlatforms) = postSolution
		{1841803D-6965-4010-A268-9B506D60648F}.Debug|x64.ActiveCfg = Debug|x64
		{1841803D-6965-4010-A268-9B506D60648F}.Debug|x64.Build.0 = Debug|x64
		{1841803D-6965-4010-A268-9B506D60648F}.Debug|x86.ActiveCfg = Debug|x86
		{1841803D-6965-4010-A268-9B506D60648F}.Debug|x86.Build.0 = Debug|x86
		{1841803D-6965-4010-A268-9B506D60648F}.Release|x64.ActiveCfg = Release|x64
		{1841803D-6965-4010-A268-9B506D60648F}.Release|x64.Build.0 = Release|x64
		{1841803D-6965-4010-A268-9B506D60648F}.Release|x86.ActiveCfg = Release|x86
		{1841803D-6965-4010-A268-9B506D60648F}.Release|x86.Build.0 = Release|x86
	EndGlobalSection
	GlobalSection(SolutionProperties) = preSolution
		HideSolutionNode = FALSE
	EndGlobalSection
EndGlobal
